
Microsoft Visual Studio Solution File, Format Version 12.00
# Visual Studio 2013
VisualStudioVersion = 12.0.21005.1
MinimumVisualStudioVersion = 10.0.40219.1
Project("{FAE04EC0-301F-11D3-BF4B-00C04F79EFBC}") = "SelfHost", "SelfHost\SelfHost.csproj", "{9CC34F9B-2173-4EEA-A61B-5CF6CEBA561A}"
EndProject
Project("{2150E333-8FDC-42A3-9474-1A3956D46DE8}") = ".nuget", ".nuget", "{F12C6886-A542-4040-B40D-BAA4E2986F75}"
	ProjectSection(SolutionItems) = preProject
		.nuget\NuGet.Config = .nuget\NuGet.Config
		.nuget\NuGet.exe = .nuget\NuGet.exe
		.nuget\NuGet.targets = .nuget\NuGet.targets
	EndProjectSection
EndProject
Project("{FAE04EC0-301F-11D3-BF4B-00C04F79EFBC}") = "CSharpClient", "CSharpClient\CSharpClient.csproj", "{E4ADF24E-1FF9-4586-973E-728C121F2F2F}"
EndProject
Project("{FAE04EC0-301F-11D3-BF4B-00C04F79EFBC}") = "JavaScriptClient", "JavaScriptClient\JavaScriptClient.csproj", "{5390C3FC-5071-4DED-A2F0-C69B70D78D3E}"
EndProject
Project("{FAE04EC0-301F-11D3-BF4B-00C04F79EFBC}") = "PhoneClient", "PhoneClient\PhoneClient.csproj", "{6D48CBBB-E2ED-4BBC-B408-DC2CF8368BB4}"
EndProject
Project("{FAE04EC0-301F-11D3-BF4B-00C04F79EFBC}") = "WindowsStoreCSharpClient", "WindowsStoreCSharpClient\WindowsStoreCSharpClient.csproj", "{E3BFB42E-3BEE-499C-BE37-00CFAA8B4210}"
EndProject
Project("{FAE04EC0-301F-11D3-BF4B-00C04F79EFBC}") = "WebHost", "WebHost\WebHost.csproj", "{5ECA2574-A4CC-4FBF-AFED-585D76A6294B}"
EndProject
Global
	GlobalSection(SolutionConfigurationPlatforms) = preSolution
		Debug|Any CPU = Debug|Any CPU
		Debug|ARM = Debug|ARM
		Debug|x64 = Debug|x64
		Debug|x86 = Debug|x86
		Release|Any CPU = Release|Any CPU
		Release|ARM = Release|ARM
		Release|x64 = Release|x64
		Release|x86 = Release|x86
	EndGlobalSection
	GlobalSection(ProjectConfigurationPlatforms) = postSolution
		{9CC34F9B-2173-4EEA-A61B-5CF6CEBA561A}.Debug|Any CPU.ActiveCfg = Debug|Any CPU
		{9CC34F9B-2173-4EEA-A61B-5CF6CEBA561A}.Debug|Any CPU.Build.0 = Debug|Any CPU
		{9CC34F9B-2173-4EEA-A61B-5CF6CEBA561A}.Debug|ARM.ActiveCfg = Debug|Any CPU
		{9CC34F9B-2173-4EEA-A61B-5CF6CEBA561A}.Debug|x64.ActiveCfg = Debug|Any CPU
		{9CC34F9B-2173-4EEA-A61B-5CF6CEBA561A}.Debug|x86.ActiveCfg = Debug|Any CPU
		{9CC34F9B-2173-4EEA-A61B-5CF6CEBA561A}.Release|Any CPU.ActiveCfg = Release|Any CPU
		{9CC34F9B-2173-4EEA-A61B-5CF6CEBA561A}.Release|Any CPU.Build.0 = Release|Any CPU
		{9CC34F9B-2173-4EEA-A61B-5CF6CEBA561A}.Release|ARM.ActiveCfg = Release|Any CPU
		{9CC34F9B-2173-4EEA-A61B-5CF6CEBA561A}.Release|x64.ActiveCfg = Release|Any CPU
		{9CC34F9B-2173-4EEA-A61B-5CF6CEBA561A}.Release|x86.ActiveCfg = Release|Any CPU
		{E4ADF24E-1FF9-4586-973E-728C121F2F2F}.Debug|Any CPU.ActiveCfg = Debug|Any CPU
		{E4ADF24E-1FF9-4586-973E-728C121F2F2F}.Debug|Any CPU.Build.0 = Debug|Any CPU
		{E4ADF24E-1FF9-4586-973E-728C121F2F2F}.Debug|ARM.ActiveCfg = Debug|Any CPU
		{E4ADF24E-1FF9-4586-973E-728C121F2F2F}.Debug|x64.ActiveCfg = Debug|Any CPU
		{E4ADF24E-1FF9-4586-973E-728C121F2F2F}.Debug|x86.ActiveCfg = Debug|Any CPU
		{E4ADF24E-1FF9-4586-973E-728C121F2F2F}.Release|Any CPU.ActiveCfg = Release|Any CPU
		{E4ADF24E-1FF9-4586-973E-728C121F2F2F}.Release|Any CPU.Build.0 = Release|Any CPU
		{E4ADF24E-1FF9-4586-973E-728C121F2F2F}.Release|ARM.ActiveCfg = Release|Any CPU
		{E4ADF24E-1FF9-4586-973E-728C121F2F2F}.Release|x64.ActiveCfg = Release|Any CPU
		{E4ADF24E-1FF9-4586-973E-728C121F2F2F}.Release|x86.ActiveCfg = Release|Any CPU
		{5390C3FC-5071-4DED-A2F0-C69B70D78D3E}.Debug|Any CPU.ActiveCfg = Debug|Any CPU
		{5390C3FC-5071-4DED-A2F0-C69B70D78D3E}.Debug|Any CPU.Build.0 = Debug|Any CPU
		{5390C3FC-5071-4DED-A2F0-C69B70D78D3E}.Debug|ARM.ActiveCfg = Debug|Any CPU
		{5390C3FC-5071-4DED-A2F0-C69B70D78D3E}.Debug|x64.ActiveCfg = Debug|Any CPU
		{5390C3FC-5071-4DED-A2F0-C69B70D78D3E}.Debug|x86.ActiveCfg = Debug|Any CPU
		{5390C3FC-5071-4DED-A2F0-C69B70D78D3E}.Release|Any CPU.ActiveCfg = Release|Any CPU
		{5390C3FC-5071-4DED-A2F0-C69B70D78D3E}.Release|Any CPU.Build.0 = Release|Any CPU
		{5390C3FC-5071-4DED-A2F0-C69B70D78D3E}.Release|ARM.ActiveCfg = Release|Any CPU
		{5390C3FC-5071-4DED-A2F0-C69B70D78D3E}.Release|x64.ActiveCfg = Release|Any CPU
		{5390C3FC-5071-4DED-A2F0-C69B70D78D3E}.Release|x86.ActiveCfg = Release|Any CPU
		{6D48CBBB-E2ED-4BBC-B408-DC2CF8368BB4}.Debug|Any CPU.ActiveCfg = Debug|Any CPU
		{6D48CBBB-E2ED-4BBC-B408-DC2CF8368BB4}.Debug|Any CPU.Build.0 = Debug|Any CPU
		{6D48CBBB-E2ED-4BBC-B408-DC2CF8368BB4}.Debug|Any CPU.Deploy.0 = Debug|Any CPU
		{6D48CBBB-E2ED-4BBC-B408-DC2CF8368BB4}.Debug|ARM.ActiveCfg = Debug|ARM
		{6D48CBBB-E2ED-4BBC-B408-DC2CF8368BB4}.Debug|ARM.Build.0 = Debug|ARM
		{6D48CBBB-E2ED-4BBC-B408-DC2CF8368BB4}.Debug|ARM.Deploy.0 = Debug|ARM
		{6D48CBBB-E2ED-4BBC-B408-DC2CF8368BB4}.Debug|x64.ActiveCfg = Debug|Any CPU
		{6D48CBBB-E2ED-4BBC-B408-DC2CF8368BB4}.Debug|x86.ActiveCfg = Debug|x86
		{6D48CBBB-E2ED-4BBC-B408-DC2CF8368BB4}.Debug|x86.Build.0 = Debug|x86
		{6D48CBBB-E2ED-4BBC-B408-DC2CF8368BB4}.Debug|x86.Deploy.0 = Debug|x86
		{6D48CBBB-E2ED-4BBC-B408-DC2CF8368BB4}.Release|Any CPU.ActiveCfg = Release|Any CPU
		{6D48CBBB-E2ED-4BBC-B408-DC2CF8368BB4}.Release|Any CPU.Build.0 = Release|Any CPU
		{6D48CBBB-E2ED-4BBC-B408-DC2CF8368BB4}.Release|Any CPU.Deploy.0 = Release|Any CPU
		{6D48CBBB-E2ED-4BBC-B408-DC2CF8368BB4}.Release|ARM.ActiveCfg = Release|ARM
		{6D48CBBB-E2ED-4BBC-B408-DC2CF8368BB4}.Release|ARM.Build.0 = Release|ARM
		{6D48CBBB-E2ED-4BBC-B408-DC2CF8368BB4}.Release|ARM.Deploy.0 = Release|ARM
		{6D48CBBB-E2ED-4BBC-B408-DC2CF8368BB4}.Release|x64.ActiveCfg = Release|Any CPU
		{6D48CBBB-E2ED-4BBC-B408-DC2CF8368BB4}.Release|x86.ActiveCfg = Release|x86
		{6D48CBBB-E2ED-4BBC-B408-DC2CF8368BB4}.Release|x86.Build.0 = Release|x86
		{6D48CBBB-E2ED-4BBC-B408-DC2CF8368BB4}.Release|x86.Deploy.0 = Release|x86
		{E3BFB42E-3BEE-499C-BE37-00CFAA8B4210}.Debug|Any CPU.ActiveCfg = Debug|Any CPU
		{E3BFB42E-3BEE-499C-BE37-00CFAA8B4210}.Debug|Any CPU.Build.0 = Debug|Any CPU
		{E3BFB42E-3BEE-499C-BE37-00CFAA8B4210}.Debug|Any CPU.Deploy.0 = Debug|Any CPU
		{E3BFB42E-3BEE-499C-BE37-00CFAA8B4210}.Debug|ARM.ActiveCfg = Debug|ARM
		{E3BFB42E-3BEE-499C-BE37-00CFAA8B4210}.Debug|ARM.Build.0 = Debug|ARM
		{E3BFB42E-3BEE-499C-BE37-00CFAA8B4210}.Debug|ARM.Deploy.0 = Debug|ARM
		{E3BFB42E-3BEE-499C-BE37-00CFAA8B4210}.Debug|x64.ActiveCfg = Debug|x64
		{E3BFB42E-3BEE-499C-BE37-00CFAA8B4210}.Debug|x64.Build.0 = Debug|x64
		{E3BFB42E-3BEE-499C-BE37-00CFAA8B4210}.Debug|x64.Deploy.0 = Debug|x64
		{E3BFB42E-3BEE-499C-BE37-00CFAA8B4210}.Debug|x86.ActiveCfg = Debug|x86
		{E3BFB42E-3BEE-499C-BE37-00CFAA8B4210}.Debug|x86.Build.0 = Debug|x86
		{E3BFB42E-3BEE-499C-BE37-00CFAA8B4210}.Debug|x86.Deploy.0 = Debug|x86
		{E3BFB42E-3BEE-499C-BE37-00CFAA8B4210}.Release|Any CPU.ActiveCfg = Release|Any CPU
		{E3BFB42E-3BEE-499C-BE37-00CFAA8B4210}.Release|Any CPU.Build.0 = Release|Any CPU
		{E3BFB42E-3BEE-499C-BE37-00CFAA8B4210}.Release|Any CPU.Deploy.0 = Release|Any CPU
		{E3BFB42E-3BEE-499C-BE37-00CFAA8B4210}.Release|ARM.ActiveCfg = Release|ARM
		{E3BFB42E-3BEE-499C-BE37-00CFAA8B4210}.Release|ARM.Build.0 = Release|ARM
		{E3BFB42E-3BEE-499C-BE37-00CFAA8B4210}.Release|ARM.Deploy.0 = Release|ARM
		{E3BFB42E-3BEE-499C-BE37-00CFAA8B4210}.Release|x64.ActiveCfg = Release|x64
		{E3BFB42E-3BEE-499C-BE37-00CFAA8B4210}.Release|x64.Build.0 = Release|x64
		{E3BFB42E-3BEE-499C-BE37-00CFAA8B4210}.Release|x64.Deploy.0 = Release|x64
		{E3BFB42E-3BEE-499C-BE37-00CFAA8B4210}.Release|x86.ActiveCfg = Release|x86
		{E3BFB42E-3BEE-499C-BE37-00CFAA8B4210}.Release|x86.Build.0 = Release|x86
		{E3BFB42E-3BEE-499C-BE37-00CFAA8B4210}.Release|x86.Deploy.0 = Release|x86
		{5ECA2574-A4CC-4FBF-AFED-585D76A6294B}.Debug|Any CPU.ActiveCfg = Debug|Any CPU
		{5ECA2574-A4CC-4FBF-AFED-585D76A6294B}.Debug|Any CPU.Build.0 = Debug|Any CPU
		{5ECA2574-A4CC-4FBF-AFED-585D76A6294B}.Debug|ARM.ActiveCfg = Debug|Any CPU
		{5ECA2574-A4CC-4FBF-AFED-585D76A6294B}.Debug|x64.ActiveCfg = Debug|Any CPU
		{5ECA2574-A4CC-4FBF-AFED-585D76A6294B}.Debug|x86.ActiveCfg = Debug|Any CPU
		{5ECA2574-A4CC-4FBF-AFED-585D76A6294B}.Release|Any CPU.ActiveCfg = Release|Any CPU
		{5ECA2574-A4CC-4FBF-AFED-585D76A6294B}.Release|Any CPU.Build.0 = Release|Any CPU
		{5ECA2574-A4CC-4FBF-AFED-585D76A6294B}.Release|ARM.ActiveCfg = Release|Any CPU
		{5ECA2574-A4CC-4FBF-AFED-585D76A6294B}.Release|x64.ActiveCfg = Release|Any CPU
		{5ECA2574-A4CC-4FBF-AFED-585D76A6294B}.Release|x86.ActiveCfg = Release|Any CPU
	EndGlobalSection
	GlobalSection(SolutionProperties) = preSolution
		HideSolutionNode = FALSE
	EndGlobalSection
EndGlobal
